
Microsoft Visual Studio Solution File, Format Version 12.00
# Visual Studio Version 16
VisualStudioVersion = 16.0.30114.105
MinimumVisualStudioVersion = 10.0.40219.1
Project("{FAE04EC0-301F-11D3-BF4B-00C04F79EFBC}") = "VendingMachineLib", "VendingMachineLib\VendingMachineLib.csproj", "{D41431F6-FF24-4DA3-ADE6-3825675F5975}"
EndProject
Project("{FAE04EC0-301F-11D3-BF4B-00C04F79EFBC}") = "VendingMachineConsoleApp", "VendingMachineConsoleApp\VendingMachineConsoleApp.csproj", "{46C3C553-0BF1-4BBB-A9B9-711229503976}"
EndProject
Project("{FAE04EC0-301F-11D3-BF4B-00C04F79EFBC}") = "VendingMachineLibTests", "VendingMachineLibTests\VendingMachineLibTests.csproj", "{79EF7247-A5FF-4D5A-88A1-0766EF02D28E}"
EndProject
Global
	GlobalSection(SolutionConfigurationPlatforms) = preSolution
		Debug|Any CPU = Debug|Any CPU
		Debug|x64 = Debug|x64
		Debug|x86 = Debug|x86
		Release|Any CPU = Release|Any CPU
		Release|x64 = Release|x64
		Release|x86 = Release|x86
	EndGlobalSection
	GlobalSection(SolutionProperties) = preSolution
		HideSolutionNode = FALSE
	EndGlobalSection
	GlobalSection(ProjectConfigurationPlatforms) = postSolution
		{D41431F6-FF24-4DA3-ADE6-3825675F5975}.Debug|Any CPU.ActiveCfg = Debug|Any CPU
		{D41431F6-FF24-4DA3-ADE6-3825675F5975}.Debug|Any CPU.Build.0 = Debug|Any CPU
		{D41431F6-FF24-4DA3-ADE6-3825675F5975}.Debug|x64.ActiveCfg = Debug|Any CPU
		{D41431F6-FF24-4DA3-ADE6-3825675F5975}.Debug|x64.Build.0 = Debug|Any CPU
		{D41431F6-FF24-4DA3-ADE6-3825675F5975}.Debug|x86.ActiveCfg = Debug|Any CPU
		{D41431F6-FF24-4DA3-ADE6-3825675F5975}.Debug|x86.Build.0 = Debug|Any CPU
		{D41431F6-FF24-4DA3-ADE6-3825675F5975}.Release|Any CPU.ActiveCfg = Release|Any CPU
		{D41431F6-FF24-4DA3-ADE6-3825675F5975}.Release|Any CPU.Build.0 = Release|Any CPU
		{D41431F6-FF24-4DA3-ADE6-3825675F5975}.Release|x64.ActiveCfg = Release|Any CPU
		{D41431F6-FF24-4DA3-ADE6-3825675F5975}.Release|x64.Build.0 = Release|Any CPU
		{D41431F6-FF24-4DA3-ADE6-3825675F5975}.Release|x86.ActiveCfg = Release|Any CPU
		{D41431F6-FF24-4DA3-ADE6-3825675F5975}.Release|x86.Build.0 = Release|Any CPU
		{46C3C553-0BF1-4BBB-A9B9-711229503976}.Debug|Any CPU.ActiveCfg = Debug|Any CPU
		{46C3C553-0BF1-4BBB-A9B9-711229503976}.Debug|Any CPU.Build.0 = Debug|Any CPU
		{46C3C553-0BF1-4BBB-A9B9-711229503976}.Debug|x64.ActiveCfg = Debug|Any CPU
		{46C3C553-0BF1-4BBB-A9B9-711229503976}.Debug|x64.Build.0 = Debug|Any CPU
		{46C3C553-0BF1-4BBB-A9B9-711229503976}.Debug|x86.ActiveCfg = Debug|Any CPU
		{46C3C553-0BF1-4BBB-A9B9-711229503976}.Debug|x86.Build.0 = Debug|Any CPU
		{46C3C553-0BF1-4BBB-A9B9-711229503976}.Release|Any CPU.ActiveCfg = Release|Any CPU
		{46C3C553-0BF1-4BBB-A9B9-711229503976}.Release|Any CPU.Build.0 = Release|Any CPU
		{46C3C553-0BF1-4BBB-A9B9-711229503976}.Release|x64.ActiveCfg = Release|Any CPU
		{46C3C553-0BF1-4BBB-A9B9-711229503976}.Release|x64.Build.0 = Release|Any CPU
		{46C3C553-0BF1-4BBB-A9B9-711229503976}.Release|x86.ActiveCfg = Release|Any CPU
		{46C3C553-0BF1-4BBB-A9B9-711229503976}.Release|x86.Build.0 = Release|Any CPU
		{79EF7247-A5FF-4D5A-88A1-0766EF02D28E}.Debug|Any CPU.ActiveCfg = Debug|Any CPU
		{79EF7247-A5FF-4D5A-88A1-0766EF02D28E}.Debug|Any CPU.Build.0 = Debug|Any CPU
		{79EF7247-A5FF-4D5A-88A1-0766EF02D28E}.Debug|x64.ActiveCfg = Debug|Any CPU
		{79EF7247-A5FF-4D5A-88A1-0766EF02D28E}.Debug|x64.Build.0 = Debug|Any CPU
		{79EF7247-A5FF-4D5A-88A1-0766EF02D28E}.Debug|x86.ActiveCfg = Debug|Any CPU
		{79EF7247-A5FF-4D5A-88A1-0766EF02D28E}.Debug|x86.Build.0 = Debug|Any CPU
		{79EF7247-A5FF-4D5A-88A1-0766EF02D28E}.Release|Any CPU.ActiveCfg = Release|Any CPU
		{79EF7247-A5FF-4D5A-88A1-0766EF02D28E}.Release|Any CPU.Build.0 = Release|Any CPU
		{79EF7247-A5FF-4D5A-88A1-0766EF02D28E}.Release|x64.ActiveCfg = Release|Any CPU
		{79EF7247-A5FF-4D5A-88A1-0766EF02D28E}.Release|x64.Build.0 = Release|Any CPU
		{79EF7247-A5FF-4D5A-88A1-0766EF02D28E}.Release|x86.ActiveCfg = Release|Any CPU
		{79EF7247-A5FF-4D5A-88A1-0766EF02D28E}.Release|x86.Build.0 = Release|Any CPU
	EndGlobalSection
EndGlobal
